PODS:
  - CustomAlterView (0.1.0)
  - FBSnapshotTestCase (2.1.4):
    - FBSnapshotTestCase/SwiftSupport (= 2.1.4)
  - FBSnapshotTestCase/Core (2.1.4)
  - FBSnapshotTestCase/SwiftSupport (2.1.4):
    - FBSnapshotTestCase/Core

DEPENDENCIES:
  - CustomAlterView (from `../`)
  - FBSnapshotTestCase

EXTERNAL SOURCES:
  CustomAlterView:
    :path: ../

SPEC CHECKSUMS:
  CustomAlterView: 257753826674a4835eecbf641832c1863d8d567d
  FBSnapshotTestCase: 094f9f314decbabe373b87cc339bea235a63e07a

PODFILE CHECKSUM: 2573fb743eb66920db537e86c30854effc81ee54

COCOAPODS: 1.4.0
